
Microsoft Visual Studio Solution File, Format Version 12.00
# Visual Studio Version 17
VisualStudioVersion = 17.0.31903.59
MinimumVisualStudioVersion = 10.0.40219.1
Project("{FAE04EC0-301F-11D3-BF4B-00C04F79EFBC}") = "CargoHubRefactor", "CargoHubRefactor\CargoHubRefactor.csproj", "{59468508-A40E-4F7F-9EED-CB9425F9522F}"
EndProject
Project("{FAE04EC0-301F-11D3-BF4B-00C04F79EFBC}") = "CargoHubRefactorTests", "CargoHubRefactorTests\CargoHubRefactorTests.csproj", "{5E685D40-33F6-4099-81B6-4AED703D7D72}"
EndProject
Project("{FAE04EC0-301F-11D3-BF4B-00C04F79EFBC}") = "CargoHubRefactorTesting", "CargoHubRefactorTesting\CargoHubRefactorTesting.csproj", "{189D4E8A-6A19-4E2D-A17A-9EE3F576B131}"
EndProject
Global
	GlobalSection(SolutionConfigurationPlatforms) = preSolution
		Debug|Any CPU = Debug|Any CPU
		Release|Any CPU = Release|Any CPU
	EndGlobalSection
	GlobalSection(SolutionProperties) = preSolution
		HideSolutionNode = FALSE
	EndGlobalSection
	GlobalSection(ProjectConfigurationPlatforms) = postSolution
		{59468508-A40E-4F7F-9EED-CB9425F9522F}.Debug|Any CPU.ActiveCfg = Debug|Any CPU
		{59468508-A40E-4F7F-9EED-CB9425F9522F}.Debug|Any CPU.Build.0 = Debug|Any CPU
		{59468508-A40E-4F7F-9EED-CB9425F9522F}.Release|Any CPU.ActiveCfg = Release|Any CPU
		{59468508-A40E-4F7F-9EED-CB9425F9522F}.Release|Any CPU.Build.0 = Release|Any CPU
		{5E685D40-33F6-4099-81B6-4AED703D7D72}.Debug|Any CPU.ActiveCfg = Debug|Any CPU
		{5E685D40-33F6-4099-81B6-4AED703D7D72}.Debug|Any CPU.Build.0 = Debug|Any CPU
		{5E685D40-33F6-4099-81B6-4AED703D7D72}.Release|Any CPU.ActiveCfg = Release|Any CPU
		{5E685D40-33F6-4099-81B6-4AED703D7D72}.Release|Any CPU.Build.0 = Release|Any CPU
		{189D4E8A-6A19-4E2D-A17A-9EE3F576B131}.Debug|Any CPU.ActiveCfg = Debug|Any CPU
		{189D4E8A-6A19-4E2D-A17A-9EE3F576B131}.Debug|Any CPU.Build.0 = Debug|Any CPU
		{189D4E8A-6A19-4E2D-A17A-9EE3F576B131}.Release|Any CPU.ActiveCfg = Release|Any CPU
		{189D4E8A-6A19-4E2D-A17A-9EE3F576B131}.Release|Any CPU.Build.0 = Release|Any CPU
	EndGlobalSection
EndGlobal
